// !$*UTF8*$!
{
	archiveVersion = 1;
	classes = {
	};
	objectVersion = 50;
	objects = {

/* Begin PBXBuildFile section */
		08ECDCBB229DF1CA00F019D2 /* AppDelegate.swift in Sources */ = {isa = PBXBuildFile; fileRef = 08ECDCBA229DF1CA00F019D2 /* AppDelegate.swift */; };
		08ECDCBD229DF1CA00F019D2 /* art.scnassets in Resources */ = {isa = PBXBuildFile; fileRef = 08ECDCBC229DF1CA00F019D2 /* art.scnassets */; };
		08ECDCBF229DF1CA00F019D2 /* ViewController.swift in Sources */ = {isa = PBXBuildFile; fileRef = 08ECDCBE229DF1CA00F019D2 /* ViewController.swift */; };
		08ECDCC2229DF1CA00F019D2 /* Main.storyboard in Resources */ = {isa = PBXBuildFile; fileRef = 08ECDCC0229DF1CA00F019D2 /* Main.storyboard */; };
		08ECDCC4229DF1CB00F019D2 /* Assets.xcassets in Resources */ = {isa = PBXBuildFile; fileRef = 08ECDCC3229DF1CB00F019D2 /* Assets.xcassets */; };
		08ECDCC7229DF1CB00F019D2 /* LaunchScreen.storyboard in Resources */ = {isa = PBXBuildFile; fileRef = 08ECDCC5229DF1CB00F019D2 /* LaunchScreen.storyboard */; };
/* End PBXBuildFile section */

/* Begin PBXFileReference section */
		08ECDCB7229DF1CA00F019D2 /* Shooting3DObjects.app */ = {isa = PBXFileReference; explicitFileType = wrapper.application; includeInIndex = 0; path = Shooting3DObjects.app; sourceTree = BUILT_PRODUCTS_DIR; };
		08ECDCBA229DF1CA00F019D2 /* AppDelegate.swift */ = {isa = PBXFileReference; lastKnownFileType = sourcecode.swift; path = AppDelegate.swift; sourceTree = "<group>"; };
		08ECDCBC229DF1CA00F019D2 /* art.scnassets */ = {isa = PBXFileReference; lastKnownFileType = wrapper.scnassets; path = art.scnassets; sourceTree = "<group>"; };
		08ECDCBE229DF1CA00F019D2 /* ViewController.swift */ = {isa = PBXFileReference; lastKnownFileType = sourcecode.swift; path = ViewController.swift; sourceTree = "<group>"; };
		08ECDCC1229DF1CA00F019D2 /* Base */ = {isa = PBXFileReference; lastKnownFileType = file.storyboard; name = Base; path = Base.lproj/Main.storyboard; sourceTree = "<group>"; };
		08ECDCC3229DF1CB00F019D2 /* Assets.xcassets */ = {isa = PBXFileReference; lastKnownFileType = folder.assetcatalog; path = Assets.xcassets; sourceTree = "<group>"; };
		08ECDCC6229DF1CB00F019D2 /* Base */ = {isa = PBXFileReference; lastKnownFileType = file.storyboard; name = Base; path = Base.lproj/LaunchScreen.storyboard; sourceTree = "<group>"; };
		08ECDCC8229DF1CB00F019D2 /* Info.plist */ = {isa = PBXFileReference; lastKnownFileType = text.plist.xml; path = Info.plist; sourceTree = "<group>"; };
/* End PBXFileReference section */

/* Begin PBXFrameworksBuildPhase section */
		08ECDCB4229DF1CA00F019D2 /* Frameworks */ = {
			isa = PBXFrameworksBuildPhase;
			buildActionMask = 2147483647;
			files = (
			);
			runOnlyForDeploymentPostprocessing = 0;
		};
/* End PBXFrameworksBuildPhase section */

/* Begin PBXGroup section */
		08ECDCAE229DF1CA00F019D2 = {
			isa = PBXGroup;
			children = (
				08ECDCB9229DF1CA00F019D2 /* Shooting3DObjects */,
				08ECDCB8229DF1CA00F019D2 /* Products */,
			);
			sourceTree = "<group>";
		};
		08ECDCB8229DF1CA00F019D2 /* Products */ = {
			isa = PBXGroup;
			children = (
				08ECDCB7229DF1CA00F019D2 /* Shooting3DObjects.app */,
			);
			name = Products;
			sourceTree = "<group>";
		};
		08ECDCB9229DF1CA00F019D2 /* Shooting3DObjects */ = {
			isa = PBXGroup;
			children = (
				08ECDCBA229DF1CA00F019D2 /* AppDelegate.swift */,
				08ECDCBC229DF1CA00F019D2 /* art.scnassets */,
				08ECDCBE229DF1CA00F019D2 /* ViewController.swift */,
				08ECDCC0229DF1CA00F019D2 /* Main.storyboard */,
				08ECDCC3229DF1CB00F019D2 /* Assets.xcassets */,
				08ECDCC5229DF1CB00F019D2 /* LaunchScreen.storyboard */,
				08ECDCC8229DF1CB00F019D2 /* Info.plist */,
			);
			path = Shooting3DObjects;
			sourceTree = "<group>";
		};
/* End PBXGroup section */

/* Begin PBXNativeTarget section */
		08ECDCB6229DF1CA00F019D2 /* Shooting3DObjects */ = {
			isa = PBXNativeTarget;
			buildConfigurationList = 08ECDCCB229DF1CB00F019D2 /* Build configuration list for PBXNativeTarget "Shooting3DObjects" */;
			buildPhases = (
				08ECDCB3229DF1CA00F019D2 /* Sources */,
				08ECDCB4229DF1CA00F019D2 /* Frameworks */,
				08ECDCB5229DF1CA00F019D2 /* Resources */,
			);
			buildRules = (
			);
			dependencies = (
			);
			name = Shooting3DObjects;
			productName = Shooting3DObjects;
			productReference = 08ECDCB7229DF1CA00F019D2 /* Shooting3DObjects.app */;
			productType = "com.apple.product-type.application";
		};
/* End PBXNativeTarget section */

/* Begin PBXProject section */
		08ECDCAF229DF1CA00F019D2 /* Project object */ = {
			isa = PBXProject;
			attributes = {
				LastSwiftUpdateCheck = 1020;
				LastUpgradeCheck = 1020;
				ORGANIZATIONNAME = "Josh Bourke";
				TargetAttributes = {
					08ECDCB6229DF1CA00F019D2 = {
						CreatedOnToolsVersion = 10.2.1;
					};
				};
			};
			buildConfigurationList = 08ECDCB2229DF1CA00F019D2 /* Build configuration list for PBXProject "Shooting3DObjects" */;
			compatibilityVersion = "Xcode 9.3";
			developmentRegion = en;
			hasScannedForEncodings = 0;
			knownRegions = (
				en,
				Base,
			);
			mainGroup = 08ECDCAE229DF1CA00F019D2;
			productRefGroup = 08ECDCB8229DF1CA00F019D2 /* Products */;
			projectDirPath = "";
			projectRoot = "";
			targets = (
				08ECDCB6229DF1CA00F019D2 /* Shooting3DObjects */,
			);
		};
/* End PBXProject section */

/* Begin PBXResourcesBuildPhase section */
		08ECDCB5229DF1CA00F019D2 /* Resources */ = {
			isa = PBXResourcesBuildPhase;
			buildActionMask = 2147483647;
			files = (
				08ECDCBD229DF1CA00F019D2 /* art.scnassets in Resources */,
				08ECDCC7229DF1CB00F019D2 /* LaunchScreen.storyboard in Resources */,
				08ECDCC4229DF1CB00F019D2 /* Assets.xcassets in Resources */,
				08ECDCC2229DF1CA00F019D2 /* Main.storyboard in Resources */,
			);
			runOnlyForDeploymentPostprocessing = 0;
		};
/* End PBXResourcesBuildPhase section */

/* Begin PBXSourcesBuildPhase section */
		08ECDCB3229DF1CA00F019D2 /* Sources */ = {
			isa = PBXSourcesBuildPhase;
			buildActionMask = 2147483647;
			files = (
				08ECDCBF229DF1CA00F019D2 /* ViewController.swift in Sources */,
				08ECDCBB229DF1CA00F019D2 /* AppDelegate.swift in Sources */,
			);
			runOnlyForDeploymentPostprocessing = 0;
		};
/* End PBXSourcesBuildPhase section */

/* Begin PBXVariantGroup section */
		08ECDCC0229DF1CA00F019D2 /* Main.storyboard */ = {
			isa = PBXVariantGroup;
			children = (
				08ECDCC1229DF1CA00F019D2 /* Base */,
			);
			name = Main.storyboard;
			sourceTree = "<group>";
		};
		08ECDCC5229DF1CB00F019D2 /* LaunchScreen.storyboard */ = {
			isa = PBXVariantGroup;
			children = (
				08ECDCC6229DF1CB00F019D2 /* Base */,
			);
			name = LaunchScreen.storyboard;
			sourceTree = "<group>";
		};
/* End PBXVariantGroup section */

/* Begin XCBuildConfiguration section */
		08ECDCC9229DF1CB00F019D2 /* Debug */ = {
			isa = XCBuildConfiguration;
			buildSettings = {
				ALWAYS_SEARCH_USER_PATHS = NO;
				CLANG_ANALYZER_NONNULL = YES;
				CLANG_ANALYZER_NUMBER_OBJECT_CONVERSION = YES_AGGRESSIVE;
				CLANG_CXX_LANGUAGE_STANDARD = "gnu++14";
				CLANG_CXX_LIBRARY = "libc++";
				CLANG_ENABLE_MODULES = YES;
				CLANG_ENABLE_OBJC_ARC = YES;
				CLANG_ENABLE_OBJC_WEAK = YES;
				CLANG_WARN_BLOCK_CAPTURE_AUTORELEASING = YES;
				CLANG_WARN_BOOL_CONVERSION = YES;
				CLANG_WARN_COMMA = YES;
				CLANG_WARN_CONSTANT_CONVERSION = YES;
				CLANG_WARN_DEPRECATED_OBJC_IMPLEMENTATIONS = YES;
				CLANG_WARN_DIRECT_OBJC_ISA_USAGE = YES_ERROR;
				CLANG_WARN_DOCUMENTATION_COMMENTS = YES;
				CLANG_WARN_EMPTY_BODY = YES;
				CLANG_WARN_ENUM_CONVERSION = YES;
				CLANG_WARN_INFINITE_RECURSION = YES;
				CLANG_WARN_INT_CONVERSION = YES;
				CLANG_WARN_NON_LITERAL_NULL_CONVERSION = YES;
				CLANG_WARN_OBJC_IMPLICIT_RETAIN_SELF = YES;
				CLANG_WARN_OBJC_LITERAL_CONVERSION = YES;
				CLANG_WARN_OBJC_ROOT_CLASS = YES_ERROR;
				CLANG_WARN_RANGE_LOOP_ANALYSIS = YES;
				CLANG_WARN_STRICT_PROTOTYPES = YES;
				CLANG_WARN_SUSPICIOUS_MOVE = YES;
				CLANG_WARN_UNGUARDED_AVAILABILITY = YES_AGGRESSIVE;
				CLANG_WARN_UNREACHABLE_CODE = YES;
				CLANG_WARN__DUPLICATE_METHOD_MATCH = YES;
				CODE_SIGN_IDENTITY = "iPhone Developer";
				COPY_PHASE_STRIP = NO;
				DEBUG_INFORMATION_FORMAT = dwarf;
				ENABLE_STRICT_OBJC_MSGSEND = YES;
				ENABLE_TESTABILITY = YES;
				GCC_C_LANGUAGE_STANDARD = gnu11;
				GCC_DYNAMIC_NO_PIC = NO;
				GCC_NO_COMMON_BLOCKS = YES;
				GCC_OPTIMIZATION_LEVEL = 0;
				GCC_PREPROCESSOR_DEFINITIONS = (
					"DEBUG=1",
					"$(inherited)",
				);
				GCC_WARN_64_TO_32_BIT_CONVERSION = YES;
				GCC_WARN_ABOUT_RETURN_TYPE = YES_ERROR;
				GCC_WARN_UNDECLARED_SELECTOR = YES;
				GCC_WARN_UNINITIALIZED_AUTOS = YES_AGGRESSIVE;
				GCC_WARN_UNUSED_FUNCTION = YES;
				GCC_WARN_UNUSED_VARIABLE = YES;
				IPHONEOS_DEPLOYMENT_TARGET = 12.2;
				MTL_ENABLE_DEBUG_INFO = INCLUDE_SOURCE;
				MTL_FAST_MATH = YES;
				ONLY_ACTIVE_ARCH = YES;
				SDKROOT = iphoneos;
				SWIFT_ACTIVE_COMPILATION_CONDITIONS = DEBUG;
				SWIFT_OPTIMIZATION_LEVEL = "-Onone";
			};
			name = Debug;
		};
		08ECDCCA229DF1CB00F019D2 /* Release */ = {
			isa = XCBuildConfiguration;
			buildSettings = {
				ALWAYS_SEARCH_USER_PATHS = NO;
				CLANG_ANALYZER_NONNULL = YES;
				CLANG_ANALYZER_NUMBER_OBJECT_CONVERSION = YES_AGGRESSIVE;
				CLANG_CXX_LANGUAGE_STANDARD = "gnu++14";
				CLANG_CXX_LIBRARY = "libc++";
				CLANG_ENABLE_MODULES = YES;
				CLANG_ENABLE_OBJC_ARC = YES;
				CLANG_ENABLE_OBJC_WEAK = YES;
				CLANG_WARN_BLOCK_CAPTURE_AUTORELEASING = YES;
				CLANG_WARN_BOOL_CONVERSION = YES;
				CLANG_WARN_COMMA = YES;
				CLANG_WARN_CONSTANT_CONVERSION = YES;
				CLANG_WARN_DEPRECATED_OBJC_IMPLEMENTATIONS = YES;
				CLANG_WARN_DIRECT_OBJC_ISA_USAGE = YES_ERROR;
				CLANG_WARN_DOCUMENTATION_COMMENTS = YES;
				CLANG_WARN_EMPTY_BODY = YES;
				CLANG_WARN_ENUM_CONVERSION = YES;
				CLANG_WARN_INFINITE_RECURSION = YES;
				CLANG_WARN_INT_CONVERSION = YES;
				CLANG_WARN_NON_LITERAL_NULL_CONVERSION = YES;
				CLANG_WARN_OBJC_IMPLICIT_RETAIN_SELF = YES;
				CLANG_WARN_OBJC_LITERAL_CONVERSION = YES;
				CLANG_WARN_OBJC_ROOT_CLASS = YES_ERROR;
				CLANG_WARN_RANGE_LOOP_ANALYSIS = YES;
				CLANG_WARN_STRICT_PROTOTYPES = YES;
				CLANG_WARN_SUSPICIOUS_MOVE = YES;
				CLANG_WARN_UNGUARDED_AVAILABILITY = YES_AGGRESSIVE;
				CLANG_WARN_UNREACHABLE_CODE = YES;
				CLANG_WARN__DUPLICATE_METHOD_MATCH = YES;
				CODE_SIGN_IDENTITY = "iPhone Developer";
				COPY_PHASE_STRIP = NO;
				DEBUG_INFORMATION_FORMAT = "dwarf-with-dsym";
				ENABLE_NS_ASSERTIONS = NO;
				ENABLE_STRICT_OBJC_MSGSEND = YES;
				GCC_C_LANGUAGE_STANDARD = gnu11;
				GCC_NO_COMMON_BLOCKS = YES;
				GCC_WARN_64_TO_32_BIT_CONVERSION = YES;
				GCC_WARN_ABOUT_RETURN_TYPE = YES_ERROR;
				GCC_WARN_UNDECLARED_SELECTOR = YES;
				GCC_WARN_UNINITIALIZED_AUTOS = YES_AGGRESSIVE;
				GCC_WARN_UNUSED_FUNCTION = YES;
				GCC_WARN_UNUSED_VARIABLE = YES;
				IPHONEOS_DEPLOYMENT_TARGET = 12.2;
				MTL_ENABLE_DEBUG_INFO = NO;
				MTL_FAST_MATH = YES;
				SDKROOT = iphoneos;
				SWIFT_COMPILATION_MODE = wholemodule;
				SWIFT_OPTIMIZATION_LEVEL = "-O";
				VALIDATE_PRODUCT = YES;
			};
			name = Release;
		};
		08ECDCCC229DF1CB00F019D2 /* Debug */ = {
			isa = XCBuildConfiguration;
			buildSettings = {
				ASSETCATALOG_COMPILER_APPICON_NAME = AppIcon;
				CODE_SIGN_STYLE = Automatic;
				DEVELOPMENT_TEAM = TT2K57S6Q3;
				INFOPLIST_FILE = Shooting3DObjects/Info.plist;
				LD_RUNPATH_SEARCH_PATHS = (
					"$(inherited)",
					"@executable_path/Frameworks",
				);
				PRODUCT_BUNDLE_IDENTIFIER = com.JoshBourke.Shooting3DObjects;
				PRODUCT_NAME = "$(TARGET_NAME)";
				SWIFT_VERSION = 5.0;
				TARGETED_DEVICE_FAMILY = "1,2";
			};
			name = Debug;
		};
		08ECDCCD229DF1CB00F019D2 /* Release */ = {
			isa = XCBuildConfiguration;
			buildSettings = {
				ASSETCATALOG_COMPILER_APPICON_NAME = AppIcon;
				CODE_SIGN_STYLE = Automatic;
				DEVELOPMENT_TEAM = TT2K57S6Q3;
				INFOPLIST_FILE = Shooting3DObjects/Info.plist;
				LD_RUNPATH_SEARCH_PATHS = (
					"$(inherited)",
					"@executable_path/Frameworks",
				);
				PRODUCT_BUNDLE_IDENTIFIER = com.JoshBourke.Shooting3DObjects;
				PRODUCT_NAME = "$(TARGET_NAME)";
				SWIFT_VERSION = 5.0;
				TARGETED_DEVICE_FAMILY = "1,2";
			};
			name = Release;
		};
/* End XCBuildConfiguration section */

/* Begin XCConfigurationList section */
		08ECDCB2229DF1CA00F019D2 /* Build configuration list for PBXProject "Shooting3DObjects" */ = {
			isa = XCConfigurationList;
			buildConfigurations = (
				08ECDCC9229DF1CB00F019D2 /* Debug */,
				08ECDCCA229DF1CB00F019D2 /* Release */,
			);
			defaultConfigurationIsVisible = 0;
			defaultConfigurationName = Release;
		};
		08ECDCCB229DF1CB00F019D2 /* Build configuration list for PBXNativeTarget "Shooting3DObjects" */ = {
			isa = XCConfigurationList;
			buildConfigurations = (
				08ECDCCC229DF1CB00F019D2 /* Debug */,
				08ECDCCD229DF1CB00F019D2 /* Release */,
			);
			defaultConfigurationIsVisible = 0;
			defaultConfigurationName = Release;
		};
/* End XCConfigurationList section */
	};
	rootObject = 08ECDCAF229DF1CA00F019D2 /* Project object */;
}
